{
  "requires": true,
  "lockfileVersion": 1,
  "dependencies": {
    "@ngx-gallery/core": {
      "version": "2.0.2",
      "resolved": "https://registry.npmjs.org/@ngx-gallery/core/-/core-2.0.2.tgz",
      "integrity": "sha512-map/kOD0MRnxjOAjoCFuqQzvRX64NuiA+tp8xtr3NmFoInxpYAXnRWNsoMs4jk9AGw/gtHYJJTYuXUGnd4xaOw==",
      "requires": {
        "tslib": "1.9.0"
      }
    },
    "@ngx-gallery/lightbox": {
      "version": "2.0.2",
      "resolved": "https://registry.npmjs.org/@ngx-gallery/lightbox/-/lightbox-2.0.2.tgz",
      "integrity": "sha512-PpwFEqhfzwbkzEe9FF8N7FBTO+PNwpfLcHohe6L7JLSozM8Qd8dCxouOkiHTs+YUve+N6/0BvAWKkWG7fqvjnQ==",
      "requires": {
        "tslib": "1.9.0"
      }
    },
    "tslib": {
      "version": "1.9.0",
      "resolved": "https://registry.npmjs.org/tslib/-/tslib-1.9.0.tgz",
      "integrity": "sha512-f/qGG2tUkrISBlQZEjEqoZ3B2+npJjIf04H1wuAv9iA8i04Icp+61KRXxFdha22670NJopsZCIjhC3SnjPRKrQ=="
    }
  }
}
